
Microsoft Visual Studio Solution File, Format Version 12.00
# Visual Studio Version 17
VisualStudioVersion = 17.12.35707.178 d17.12
MinimumVisualStudioVersion = 10.0.40219.1
Project("{FAE04EC0-301F-11D3-BF4B-00C04F79EFBC}") = "RedSocialFace", "RedSocialFace.csproj", "{AC9AC780-9872-45E1-A02A-E8A716ACBEF8}"
EndProject
Global
	GlobalSection(SolutionConfigurationPlatforms) = preSolution
		Debug|Any CPU = Debug|Any CPU
		Release|Any CPU = Release|Any CPU
	EndGlobalSection
	GlobalSection(ProjectConfigurationPlatforms) = postSolution
		{AC9AC780-9872-45E1-A02A-E8A716ACBEF8}.Debug|Any CPU.ActiveCfg = Debug|Any CPU
		{AC9AC780-9872-45E1-A02A-E8A716ACBEF8}.Debug|Any CPU.Build.0 = Debug|Any CPU
		{AC9AC780-9872-45E1-A02A-E8A716ACBEF8}.Debug|Any CPU.Deploy.0 = Debug|Any CPU
		{AC9AC780-9872-45E1-A02A-E8A716ACBEF8}.Release|Any CPU.ActiveCfg = Release|Any CPU
		{AC9AC780-9872-45E1-A02A-E8A716ACBEF8}.Release|Any CPU.Build.0 = Release|Any CPU
		{AC9AC780-9872-45E1-A02A-E8A716ACBEF8}.Release|Any CPU.Deploy.0 = Release|Any CPU
	EndGlobalSection
	GlobalSection(SolutionProperties) = preSolution
		HideSolutionNode = FALSE
	EndGlobalSection
EndGlobal
